
Microsoft Visual Studio Solution File, Format Version 12.00
# Visual Studio 15
VisualStudioVersion = 15.0.28307.489
MinimumVisualStudioVersion = 10.0.40219.1
Project("{FAE04EC0-301F-11D3-BF4B-00C04F79EFBC}") = "finhelp-back", "finhelp-back\finhelp-back.csproj", "{857B3E2A-D6EE-459D-8125-B6FE077C4006}"
EndProject
Global
	GlobalSection(SolutionConfigurationPlatforms) = preSolution
		Debug|Any CPU = Debug|Any CPU
		Release|Any CPU = Release|Any CPU
	EndGlobalSection
	GlobalSection(ProjectConfigurationPlatforms) = postSolution
		{857B3E2A-D6EE-459D-8125-B6FE077C4006}.Debug|Any CPU.ActiveCfg = Debug|Any CPU
		{857B3E2A-D6EE-459D-8125-B6FE077C4006}.Debug|Any CPU.Build.0 = Debug|Any CPU
		{857B3E2A-D6EE-459D-8125-B6FE077C4006}.Release|Any CPU.ActiveCfg = Release|Any CPU
		{857B3E2A-D6EE-459D-8125-B6FE077C4006}.Release|Any CPU.Build.0 = Release|Any CPU
	EndGlobalSection
	GlobalSection(SolutionProperties) = preSolution
		HideSolutionNode = FALSE
	EndGlobalSection
	GlobalSection(ExtensibilityGlobals) = postSolution
		SolutionGuid = {EB2C0CCD-8848-474B-BC22-E824BC748B0F}
	EndGlobalSection
EndGlobal
